
Microsoft Visual Studio Solution File, Format Version 12.00
# Visual Studio Version 16
VisualStudioVersion = 25.0.1703.2
MinimumVisualStudioVersion = 10.0.40219.1
Project("{FAE04EC0-301F-11D3-BF4B-00C04F79EFBC}") = "Chapter_0001", "Chapter_0001\Chapter_0001.csproj", "{B3E7FDFA-2213-4EB5-BC74-FFE2B62E8CE6}"
EndProject
Project("{FAE04EC0-301F-11D3-BF4B-00C04F79EFBC}") = "Chapter_0002", "Chapter_0002\Chapter_0002.csproj", "{25BB2452-1A07-4EFE-A3DF-C7907E0D0FD4}"
EndProject
Project("{FAE04EC0-301F-11D3-BF4B-00C04F79EFBC}") = "Chapter_0003", "Chapter_0003\Chapter_0003.csproj", "{24D75FC5-071A-44E6-B384-1422954E42A2}"
EndProject
Project("{FAE04EC0-301F-11D3-BF4B-00C04F79EFBC}") = "Chapter_0004", "Chapter0004\Chapter_0004.csproj", "{215F15FF-A4CC-4CD6-A1C2-B04C110D4B16}"
EndProject
Project("{FAE04EC0-301F-11D3-BF4B-00C04F79EFBC}") = "Chapter_0005", "Chapter_0005\Chapter_0005.csproj", "{78B75043-E7A3-4CEB-814A-0E01EC5CC37D}"
EndProject
Project("{FAE04EC0-301F-11D3-BF4B-00C04F79EFBC}") = "Chapter_0006", "Chapter_0006\Chapter_0006.csproj", "{2BF5D64D-4A7E-4DA0-98AF-BD82731C1036}"
EndProject
Project("{FAE04EC0-301F-11D3-BF4B-00C04F79EFBC}") = "Chapter_0007", "Chapter_0007\Chapter_0007.csproj", "{70BA734C-6E5A-4AE4-8AAA-F299973D1EB9}"
EndProject
Project("{FAE04EC0-301F-11D3-BF4B-00C04F79EFBC}") = "Chapter_0008", "Charpter_0008\Chapter_0008.csproj", "{5A64D9A1-9A0D-4B21-9684-346F44911728}"
EndProject
Project("{FAE04EC0-301F-11D3-BF4B-00C04F79EFBC}") = "Chapter_0009", "Chapter_0009\Chapter_0009.csproj", "{CF9FE635-366B-4F9F-BA12-99D6C5904553}"
EndProject
Global
	GlobalSection(SolutionConfigurationPlatforms) = preSolution
		Debug|Any CPU = Debug|Any CPU
		Release|Any CPU = Release|Any CPU
	EndGlobalSection
	GlobalSection(ProjectConfigurationPlatforms) = postSolution
		{B3E7FDFA-2213-4EB5-BC74-FFE2B62E8CE6}.Debug|Any CPU.ActiveCfg = Debug|Any CPU
		{B3E7FDFA-2213-4EB5-BC74-FFE2B62E8CE6}.Debug|Any CPU.Build.0 = Debug|Any CPU
		{B3E7FDFA-2213-4EB5-BC74-FFE2B62E8CE6}.Release|Any CPU.ActiveCfg = Release|Any CPU
		{B3E7FDFA-2213-4EB5-BC74-FFE2B62E8CE6}.Release|Any CPU.Build.0 = Release|Any CPU
		{25BB2452-1A07-4EFE-A3DF-C7907E0D0FD4}.Debug|Any CPU.ActiveCfg = Debug|Any CPU
		{25BB2452-1A07-4EFE-A3DF-C7907E0D0FD4}.Debug|Any CPU.Build.0 = Debug|Any CPU
		{25BB2452-1A07-4EFE-A3DF-C7907E0D0FD4}.Release|Any CPU.ActiveCfg = Release|Any CPU
		{25BB2452-1A07-4EFE-A3DF-C7907E0D0FD4}.Release|Any CPU.Build.0 = Release|Any CPU
		{24D75FC5-071A-44E6-B384-1422954E42A2}.Debug|Any CPU.ActiveCfg = Debug|Any CPU
		{24D75FC5-071A-44E6-B384-1422954E42A2}.Debug|Any CPU.Build.0 = Debug|Any CPU
		{24D75FC5-071A-44E6-B384-1422954E42A2}.Release|Any CPU.ActiveCfg = Release|Any CPU
		{24D75FC5-071A-44E6-B384-1422954E42A2}.Release|Any CPU.Build.0 = Release|Any CPU
		{215F15FF-A4CC-4CD6-A1C2-B04C110D4B16}.Debug|Any CPU.ActiveCfg = Debug|Any CPU
		{215F15FF-A4CC-4CD6-A1C2-B04C110D4B16}.Debug|Any CPU.Build.0 = Debug|Any CPU
		{215F15FF-A4CC-4CD6-A1C2-B04C110D4B16}.Release|Any CPU.ActiveCfg = Release|Any CPU
		{215F15FF-A4CC-4CD6-A1C2-B04C110D4B16}.Release|Any CPU.Build.0 = Release|Any CPU
		{78B75043-E7A3-4CEB-814A-0E01EC5CC37D}.Debug|Any CPU.ActiveCfg = Debug|Any CPU
		{78B75043-E7A3-4CEB-814A-0E01EC5CC37D}.Debug|Any CPU.Build.0 = Debug|Any CPU
		{78B75043-E7A3-4CEB-814A-0E01EC5CC37D}.Release|Any CPU.ActiveCfg = Release|Any CPU
		{78B75043-E7A3-4CEB-814A-0E01EC5CC37D}.Release|Any CPU.Build.0 = Release|Any CPU
		{2BF5D64D-4A7E-4DA0-98AF-BD82731C1036}.Debug|Any CPU.ActiveCfg = Debug|Any CPU
		{2BF5D64D-4A7E-4DA0-98AF-BD82731C1036}.Debug|Any CPU.Build.0 = Debug|Any CPU
		{2BF5D64D-4A7E-4DA0-98AF-BD82731C1036}.Release|Any CPU.ActiveCfg = Release|Any CPU
		{2BF5D64D-4A7E-4DA0-98AF-BD82731C1036}.Release|Any CPU.Build.0 = Release|Any CPU
		{70BA734C-6E5A-4AE4-8AAA-F299973D1EB9}.Debug|Any CPU.ActiveCfg = Debug|Any CPU
		{70BA734C-6E5A-4AE4-8AAA-F299973D1EB9}.Debug|Any CPU.Build.0 = Debug|Any CPU
		{70BA734C-6E5A-4AE4-8AAA-F299973D1EB9}.Release|Any CPU.ActiveCfg = Release|Any CPU
		{70BA734C-6E5A-4AE4-8AAA-F299973D1EB9}.Release|Any CPU.Build.0 = Release|Any CPU
		{5A64D9A1-9A0D-4B21-9684-346F44911728}.Debug|Any CPU.ActiveCfg = Debug|Any CPU
		{5A64D9A1-9A0D-4B21-9684-346F44911728}.Debug|Any CPU.Build.0 = Debug|Any CPU
		{5A64D9A1-9A0D-4B21-9684-346F44911728}.Release|Any CPU.ActiveCfg = Release|Any CPU
		{5A64D9A1-9A0D-4B21-9684-346F44911728}.Release|Any CPU.Build.0 = Release|Any CPU
		{CF9FE635-366B-4F9F-BA12-99D6C5904553}.Debug|Any CPU.ActiveCfg = Debug|Any CPU
		{CF9FE635-366B-4F9F-BA12-99D6C5904553}.Debug|Any CPU.Build.0 = Debug|Any CPU
		{CF9FE635-366B-4F9F-BA12-99D6C5904553}.Release|Any CPU.ActiveCfg = Release|Any CPU
		{CF9FE635-366B-4F9F-BA12-99D6C5904553}.Release|Any CPU.Build.0 = Release|Any CPU
	EndGlobalSection
	GlobalSection(SolutionProperties) = preSolution
		HideSolutionNode = FALSE
	EndGlobalSection
	GlobalSection(ExtensibilityGlobals) = postSolution
		SolutionGuid = {4E02C1C8-4240-4F99-9C67-E508D2622570}
	EndGlobalSection
EndGlobal
