
Microsoft Visual Studio Solution File, Format Version 12.00
# Visual Studio Version 16
VisualStudioVersion = 25.0.1703.2
MinimumVisualStudioVersion = 10.0.40219.1
Project("{FAE04EC0-301F-11D3-BF4B-00C04F79EFBC}") = "Chapter_0001", "Chapter_0001\Chapter_0001.csproj", "{B3E7FDFA-2213-4EB5-BC74-FFE2B62E8CE6}"
EndProject
Global
	GlobalSection(SolutionConfigurationPlatforms) = preSolution
		Debug|Any CPU = Debug|Any CPU
		Release|Any CPU = Release|Any CPU
	EndGlobalSection
	GlobalSection(ProjectConfigurationPlatforms) = postSolution
		{B3E7FDFA-2213-4EB5-BC74-FFE2B62E8CE6}.Debug|Any CPU.ActiveCfg = Debug|Any CPU
		{B3E7FDFA-2213-4EB5-BC74-FFE2B62E8CE6}.Debug|Any CPU.Build.0 = Debug|Any CPU
		{B3E7FDFA-2213-4EB5-BC74-FFE2B62E8CE6}.Release|Any CPU.ActiveCfg = Release|Any CPU
		{B3E7FDFA-2213-4EB5-BC74-FFE2B62E8CE6}.Release|Any CPU.Build.0 = Release|Any CPU
	EndGlobalSection
	GlobalSection(SolutionProperties) = preSolution
		HideSolutionNode = FALSE
	EndGlobalSection
	GlobalSection(ExtensibilityGlobals) = postSolution
		SolutionGuid = {4E02C1C8-4240-4F99-9C67-E508D2622570}
	EndGlobalSection
EndGlobal
